
Microsoft Visual Studio Solution File, Format Version 12.00
# Visual Studio Version 16
VisualStudioVersion = 16.0.32407.337
MinimumVisualStudioVersion = 10.0.40219.1
Project("{FAE04EC0-301F-11D3-BF4B-00C04F79EFBC}") = "mobile", "mobile\mobile.csproj", "{346BF63E-6D37-4033-B330-4659645DAEE4}"
EndProject
Global
	GlobalSection(SolutionConfigurationPlatforms) = preSolution
		Debug|Any CPU = Debug|Any CPU
		Release|Any CPU = Release|Any CPU
	EndGlobalSection
	GlobalSection(ProjectConfigurationPlatforms) = postSolution
		{346BF63E-6D37-4033-B330-4659645DAEE4}.Debug|Any CPU.ActiveCfg = Debug|Any CPU
		{346BF63E-6D37-4033-B330-4659645DAEE4}.Debug|Any CPU.Build.0 = Debug|Any CPU
		{346BF63E-6D37-4033-B330-4659645DAEE4}.Release|Any CPU.ActiveCfg = Release|Any CPU
		{346BF63E-6D37-4033-B330-4659645DAEE4}.Release|Any CPU.Build.0 = Release|Any CPU
	EndGlobalSection
	GlobalSection(SolutionProperties) = preSolution
		HideSolutionNode = FALSE
	EndGlobalSection
	GlobalSection(ExtensibilityGlobals) = postSolution
		SolutionGuid = {6FF300A6-677A-4FEA-BE08-84ADBEF03D22}
	EndGlobalSection
EndGlobal
